# This file was autogenerated by Stack.
# You should not edit this file by hand.
# For more information, please see the documentation at:
#   https://docs.haskellstack.org/en/stable/lock_files

packages:
- completed:
    hackage: Cabal-3.8.1.0@sha256:77121d8e1aff14a0fd95684b751599db78a7dd26d55862d9fcef27c88b193e9d,12609
    pantry-tree:
      sha256: 69af34caaaae2fa5ad24c69b7eead612b896d5c00d742d40ba0c1ae3ab6afd4f
      size: 8955
  original:
    hackage: Cabal-3.8.1.0@sha256:77121d8e1aff14a0fd95684b751599db78a7dd26d55862d9fcef27c88b193e9d,12609
- completed:
    hackage: Cabal-syntax-3.8.1.0@sha256:ed2d937ba6c6a20b75850349eedd41374885fc42369ef152d69e2ba70f44f593,7620
    pantry-tree:
      sha256: ea286f643cc7b11dd7efe98982403515419e0c91909c48007927538358bfc4a3
      size: 11052
  original:
    hackage: Cabal-syntax-3.8.1.0@sha256:ed2d937ba6c6a20b75850349eedd41374885fc42369ef152d69e2ba70f44f593
snapshots:
- completed:
    sha256: 098936027eaa1ef14e2b8eb39d9933a973894bb70a68684a1bbf00730249879b
    size: 720001
    url: https://raw.githubusercontent.com/commercialhaskell/stackage-snapshots/master/lts/22/33.yaml
  original:
    url: https://raw.githubusercontent.com/commercialhaskell/stackage-snapshots/master/lts/22/33.yaml
